
Microsoft Visual Studio Solution File, Format Version 12.00
# Visual Studio 15
VisualStudioVersion = 15.0.27703.2026
MinimumVisualStudioVersion = 10.0.40219.1
Project("{FAE04EC0-301F-11D3-BF4B-00C04F79EFBC}") = "AppTracker", "AppTracker\AppTracker.csproj", "{BFD7F3C6-409D-49F1-903A-F863DB5C5E75}"
EndProject
Global
	GlobalSection(SolutionConfigurationPlatforms) = preSolution
		Debug|Any CPU = Debug|Any CPU
		Release|Any CPU = Release|Any CPU
	EndGlobalSection
	GlobalSection(ProjectConfigurationPlatforms) = postSolution
		{BFD7F3C6-409D-49F1-903A-F863DB5C5E75}.Debug|Any CPU.ActiveCfg = Debug|Any CPU
		{BFD7F3C6-409D-49F1-903A-F863DB5C5E75}.Debug|Any CPU.Build.0 = Debug|Any CPU
		{BFD7F3C6-409D-49F1-903A-F863DB5C5E75}.Release|Any CPU.ActiveCfg = Release|Any CPU
		{BFD7F3C6-409D-49F1-903A-F863DB5C5E75}.Release|Any CPU.Build.0 = Release|Any CPU
	EndGlobalSection
	GlobalSection(SolutionProperties) = preSolution
		HideSolutionNode = FALSE
	EndGlobalSection
	GlobalSection(ExtensibilityGlobals) = postSolution
		SolutionGuid = {3460551C-10D4-4836-B232-D482D8713A06}
	EndGlobalSection
EndGlobal
